github.com/mitodl/ocw-course-hugo-theme v0.0.0-20201211182602-ca08b7c218f3 h1:MDWV+IDqFGtBNVU2j6iC7xuzwu8JOQ59dxpFeblDAz0=
github.com/mitodl/ocw-course-hugo-theme v0.0.0-20201211182602-ca08b7c218f3/go.mod h1:PYILTfXzW3Gmfx9tnugzGX1ObBPLnVpxQgFtFP2RYmg=
github.com/mitodl/ocw-course-hugo-theme v0.0.0-20201211184207-5ad214fcca08 h1:AdqLgNQ2YK5YlBan1Q67aRJ+w7T0G7lIgJWJIcpw5vk=
github.com/mitodl/ocw-course-hugo-theme v0.0.0-20201211184207-5ad214fcca08/go.mod h1:PYILTfXzW3Gmfx9tnugzGX1ObBPLnVpxQgFtFP2RYmg=
github.com/mitodl/ocw-course-hugo-theme v0.0.0-20201211184715-6bf9b261a879 h1:ciZ61hv+d21AucIrptDGu1NF47n1j0kJ9FNSf+jWY/w=
github.com/mitodl/ocw-course-hugo-theme v0.0.0-20201211184715-6bf9b261a879/go.mod h1:PYILTfXzW3Gmfx9tnugzGX1ObBPLnVpxQgFtFP2RYmg=
github.com/mitodl/ocw-course-hugo-theme v0.0.0-20201211192633-858a37f4ac16 h1:2zC6+LisBttzJQRA1Vw3pN8HL8TtvGkXq+Y5U/yaE28=
github.com/mitodl/ocw-course-hugo-theme v0.0.0-20201211192633-858a37f4ac16/go.mod h1:PYILTfXzW3Gmfx9tnugzGX1ObBPLnVpxQgFtFP2RYmg=
github.com/mitodl/ocw-course-hugo-theme v0.0.0-20201211212902-b62b70031c4f h1:Q7nBnzCVmuAAU9NhA3mxvKv+LGCuQjSo5Nfrg+ibi8s=
github.com/mitodl/ocw-course-hugo-theme v0.0.0-20201211212902-b62b70031c4f/go.mod h1:PYILTfXzW3Gmfx9tnugzGX1ObBPLnVpxQgFtFP2RYmg=
github.com/mitodl/ocw-course-hugo-theme v0.0.0-20201211214311-c5c91e9293e1 h1:dwE/SzVPm5pX5qYqq7alPMOCU2NMjE6h9bT2OS0vZmo=
github.com/mitodl/ocw-course-hugo-theme v0.0.0-20201211214311-c5c91e9293e1/go.mod h1:PYILTfXzW3Gmfx9tnugzGX1ObBPLnVpxQgFtFP2RYmg=
github.com/mitodl/ocw-course-hugo-theme v0.0.0-20201211215014-d20bf434674e h1:ZKXm5kx2py+d06ScLiQqhpRhRDcOH0FymYmFSwk51Vg=
github.com/mitodl/ocw-course-hugo-theme v0.0.0-20201211215014-d20bf434674e/go.mod h1:PYILTfXzW3Gmfx9tnugzGX1ObBPLnVpxQgFtFP2RYmg=
github.com/mozilla/pdf.js v2.6.347+incompatible h1:jrRy2nEzXxT/K8NrAREBQW/K2tOpJgJ395ueLT4oGS8=
github.com/mozilla/pdf.js v2.6.347+incompatible/go.mod h1:8CTpJx3gH/xiUqG5X853nQsYbx56ElGbpkfWSILoISY=
